
Microsoft Visual Studio Solution File, Format Version 12.00
# Visual Studio Version 17
VisualStudioVersion = 17.9.34616.47
MinimumVisualStudioVersion = 10.0.40219.1
Project("{FAE04EC0-301F-11D3-BF4B-00C04F79EFBC}") = "cadastrarAluo", "cadastrarAluo.csproj", "{A8F5B6F2-F744-4E25-A9EF-9CAFB783B2B5}"
EndProject
Global
	GlobalSection(SolutionConfigurationPlatforms) = preSolution
		Debug|Any CPU = Debug|Any CPU
		Release|Any CPU = Release|Any CPU
	EndGlobalSection
	GlobalSection(ProjectConfigurationPlatforms) = postSolution
		{A8F5B6F2-F744-4E25-A9EF-9CAFB783B2B5}.Debug|Any CPU.ActiveCfg = Debug|Any CPU
		{A8F5B6F2-F744-4E25-A9EF-9CAFB783B2B5}.Debug|Any CPU.Build.0 = Debug|Any CPU
		{A8F5B6F2-F744-4E25-A9EF-9CAFB783B2B5}.Release|Any CPU.ActiveCfg = Release|Any CPU
		{A8F5B6F2-F744-4E25-A9EF-9CAFB783B2B5}.Release|Any CPU.Build.0 = Release|Any CPU
	EndGlobalSection
	GlobalSection(SolutionProperties) = preSolution
		HideSolutionNode = FALSE
	EndGlobalSection
	GlobalSection(ExtensibilityGlobals) = postSolution
		SolutionGuid = {BFCF0467-C69E-416C-BC92-40862D1DFB1C}
	EndGlobalSection
EndGlobal
