
Microsoft Visual Studio Solution File, Format Version 12.00
# Visual Studio Version 17
VisualStudioVersion = 17.9.34616.47
MinimumVisualStudioVersion = 10.0.40219.1
Project("{FAE04EC0-301F-11D3-BF4B-00C04F79EFBC}") = "revisao", "revisao.csproj", "{AFDD2291-1134-4792-A4FD-8626ECFFE8ED}"
EndProject
Global
	GlobalSection(SolutionConfigurationPlatforms) = preSolution
		Debug|Any CPU = Debug|Any CPU
		Release|Any CPU = Release|Any CPU
	EndGlobalSection
	GlobalSection(ProjectConfigurationPlatforms) = postSolution
		{AFDD2291-1134-4792-A4FD-8626ECFFE8ED}.Debug|Any CPU.ActiveCfg = Debug|Any CPU
		{AFDD2291-1134-4792-A4FD-8626ECFFE8ED}.Debug|Any CPU.Build.0 = Debug|Any CPU
		{AFDD2291-1134-4792-A4FD-8626ECFFE8ED}.Release|Any CPU.ActiveCfg = Release|Any CPU
		{AFDD2291-1134-4792-A4FD-8626ECFFE8ED}.Release|Any CPU.Build.0 = Release|Any CPU
	EndGlobalSection
	GlobalSection(SolutionProperties) = preSolution
		HideSolutionNode = FALSE
	EndGlobalSection
	GlobalSection(ExtensibilityGlobals) = postSolution
		SolutionGuid = {B1A440DB-3828-4A1D-AE0E-615DA54BBA1E}
	EndGlobalSection
EndGlobal
