
Microsoft Visual Studio Solution File, Format Version 12.00
# Visual Studio Version 17
VisualStudioVersion = 17.9.34616.47
MinimumVisualStudioVersion = 10.0.40219.1
Project("{FAE04EC0-301F-11D3-BF4B-00C04F79EFBC}") = "Exercicio_heranca", "Exercicio_heranca.csproj", "{A7D31DBF-CD64-4A72-9712-6066AC05D5CD}"
EndProject
Global
	GlobalSection(SolutionConfigurationPlatforms) = preSolution
		Debug|Any CPU = Debug|Any CPU
		Release|Any CPU = Release|Any CPU
	EndGlobalSection
	GlobalSection(ProjectConfigurationPlatforms) = postSolution
		{A7D31DBF-CD64-4A72-9712-6066AC05D5CD}.Debug|Any CPU.ActiveCfg = Debug|Any CPU
		{A7D31DBF-CD64-4A72-9712-6066AC05D5CD}.Debug|Any CPU.Build.0 = Debug|Any CPU
		{A7D31DBF-CD64-4A72-9712-6066AC05D5CD}.Release|Any CPU.ActiveCfg = Release|Any CPU
		{A7D31DBF-CD64-4A72-9712-6066AC05D5CD}.Release|Any CPU.Build.0 = Release|Any CPU
	EndGlobalSection
	GlobalSection(SolutionProperties) = preSolution
		HideSolutionNode = FALSE
	EndGlobalSection
	GlobalSection(ExtensibilityGlobals) = postSolution
		SolutionGuid = {9469D3DE-C08E-485A-8155-02C6A26B8641}
	EndGlobalSection
EndGlobal
