
Microsoft Visual Studio Solution File, Format Version 12.00
# Visual Studio Version 17
VisualStudioVersion = 17.9.34616.47
MinimumVisualStudioVersion = 10.0.40219.1
Project("{FAE04EC0-301F-11D3-BF4B-00C04F79EFBC}") = "GestaoMultas", "GestaoMultas.csproj", "{F5F5D8F8-81B5-42EB-9B3C-77BACA1EAF52}"
EndProject
Global
	GlobalSection(SolutionConfigurationPlatforms) = preSolution
		Debug|Any CPU = Debug|Any CPU
		Release|Any CPU = Release|Any CPU
	EndGlobalSection
	GlobalSection(ProjectConfigurationPlatforms) = postSolution
		{F5F5D8F8-81B5-42EB-9B3C-77BACA1EAF52}.Debug|Any CPU.ActiveCfg = Debug|Any CPU
		{F5F5D8F8-81B5-42EB-9B3C-77BACA1EAF52}.Debug|Any CPU.Build.0 = Debug|Any CPU
		{F5F5D8F8-81B5-42EB-9B3C-77BACA1EAF52}.Release|Any CPU.ActiveCfg = Release|Any CPU
		{F5F5D8F8-81B5-42EB-9B3C-77BACA1EAF52}.Release|Any CPU.Build.0 = Release|Any CPU
	EndGlobalSection
	GlobalSection(SolutionProperties) = preSolution
		HideSolutionNode = FALSE
	EndGlobalSection
	GlobalSection(ExtensibilityGlobals) = postSolution
		SolutionGuid = {E3618468-B51E-4D24-A5EF-F6CA586E3DB3}
	EndGlobalSection
EndGlobal
