
Microsoft Visual Studio Solution File, Format Version 12.00
# Visual Studio Version 17
VisualStudioVersion = 17.5.33414.496
MinimumVisualStudioVersion = 10.0.40219.1
Project("{FAE04EC0-301F-11D3-BF4B-00C04F79EFBC}") = "aula2", "aula2.csproj", "{2C84C673-1169-4496-AC08-958A35DCB804}"
EndProject
Global
	GlobalSection(SolutionConfigurationPlatforms) = preSolution
		Debug|Any CPU = Debug|Any CPU
		Release|Any CPU = Release|Any CPU
	EndGlobalSection
	GlobalSection(ProjectConfigurationPlatforms) = postSolution
		{2C84C673-1169-4496-AC08-958A35DCB804}.Debug|Any CPU.ActiveCfg = Debug|Any CPU
		{2C84C673-1169-4496-AC08-958A35DCB804}.Debug|Any CPU.Build.0 = Debug|Any CPU
		{2C84C673-1169-4496-AC08-958A35DCB804}.Release|Any CPU.ActiveCfg = Release|Any CPU
		{2C84C673-1169-4496-AC08-958A35DCB804}.Release|Any CPU.Build.0 = Release|Any CPU
	EndGlobalSection
	GlobalSection(SolutionProperties) = preSolution
		HideSolutionNode = FALSE
	EndGlobalSection
	GlobalSection(ExtensibilityGlobals) = postSolution
		SolutionGuid = {D275A7A9-2E07-4B34-8E24-DED730B66537}
	EndGlobalSection
EndGlobal
